
Microsoft Visual Studio Solution File, Format Version 12.00
# Visual Studio 15
Project("{FAE04EC0-301F-11D3-BF4B-00C04F79EFBC}") = "Assembly-CSharp-Editor-firstpass", "Assembly-CSharp-Editor-firstpass.csproj", "{1DA94400-D182-B035-358B-A3DE057167C9}"
EndProject
Project("{FAE04EC0-301F-11D3-BF4B-00C04F79EFBC}") = "Assembly-CSharp-Editor", "Assembly-CSharp-Editor.csproj", "{7B85E7E9-B032-1453-4D45-E471127D3B71}"
EndProject
Global
	GlobalSection(SolutionConfigurationPlatforms) = preSolution
		Debug|Any CPU = Debug|Any CPU
		Release|Any CPU = Release|Any CPU
	EndGlobalSection
	GlobalSection(ProjectConfigurationPlatforms) = postSolution
		{1DA94400-D182-B035-358B-A3DE057167C9}.Debug|Any CPU.ActiveCfg = Debug|Any CPU
		{1DA94400-D182-B035-358B-A3DE057167C9}.Debug|Any CPU.Build.0 = Debug|Any CPU
		{1DA94400-D182-B035-358B-A3DE057167C9}.Release|Any CPU.ActiveCfg = Release|Any CPU
		{1DA94400-D182-B035-358B-A3DE057167C9}.Release|Any CPU.Build.0 = Release|Any CPU
		{7B85E7E9-B032-1453-4D45-E471127D3B71}.Debug|Any CPU.ActiveCfg = Debug|Any CPU
		{7B85E7E9-B032-1453-4D45-E471127D3B71}.Debug|Any CPU.Build.0 = Debug|Any CPU
		{7B85E7E9-B032-1453-4D45-E471127D3B71}.Release|Any CPU.ActiveCfg = Release|Any CPU
		{7B85E7E9-B032-1453-4D45-E471127D3B71}.Release|Any CPU.Build.0 = Release|Any CPU
	EndGlobalSection
	GlobalSection(SolutionProperties) = preSolution
		HideSolutionNode = FALSE
	EndGlobalSection
EndGlobal
